
Microsoft Visual Studio Solution File, Format Version 12.00
# Visual Studio Version 17
VisualStudioVersion = 17.0.32014.148
MinimumVisualStudioVersion = 10.0.40219.1
Project("{FAE04EC0-301F-11D3-BF4B-00C04F79EFBC}") = "DataAccess", "DataAccess\DataAccess.csproj", "{ED255E98-B432-43B0-9072-F770CC737E25}"
EndProject
Project("{FAE04EC0-301F-11D3-BF4B-00C04F79EFBC}") = "Business", "Business\Business.csproj", "{87FE905D-B853-4F2B-BC22-425346107500}"
EndProject
Project("{FAE04EC0-301F-11D3-BF4B-00C04F79EFBC}") = "Entities", "Entities\Entities.csproj", "{DDADB72F-6FB4-42F3-B561-604EF02B149C}"
EndProject
Project("{9A19103F-16F7-4668-BE54-9A1E7A4F7556}") = "ConsoleUI", "ConsoleUI\ConsoleUI.csproj", "{D3AAD1DF-95EF-47CD-A052-1DA155841E80}"
EndProject
Global
	GlobalSection(SolutionConfigurationPlatforms) = preSolution
		Debug|Any CPU = Debug|Any CPU
		Release|Any CPU = Release|Any CPU
	EndGlobalSection
	GlobalSection(ProjectConfigurationPlatforms) = postSolution
		{ED255E98-B432-43B0-9072-F770CC737E25}.Debug|Any CPU.ActiveCfg = Debug|Any CPU
		{ED255E98-B432-43B0-9072-F770CC737E25}.Debug|Any CPU.Build.0 = Debug|Any CPU
		{ED255E98-B432-43B0-9072-F770CC737E25}.Release|Any CPU.ActiveCfg = Release|Any CPU
		{ED255E98-B432-43B0-9072-F770CC737E25}.Release|Any CPU.Build.0 = Release|Any CPU
		{87FE905D-B853-4F2B-BC22-425346107500}.Debug|Any CPU.ActiveCfg = Debug|Any CPU
		{87FE905D-B853-4F2B-BC22-425346107500}.Debug|Any CPU.Build.0 = Debug|Any CPU
		{87FE905D-B853-4F2B-BC22-425346107500}.Release|Any CPU.ActiveCfg = Release|Any CPU
		{87FE905D-B853-4F2B-BC22-425346107500}.Release|Any CPU.Build.0 = Release|Any CPU
		{DDADB72F-6FB4-42F3-B561-604EF02B149C}.Debug|Any CPU.ActiveCfg = Debug|Any CPU
		{DDADB72F-6FB4-42F3-B561-604EF02B149C}.Debug|Any CPU.Build.0 = Debug|Any CPU
		{DDADB72F-6FB4-42F3-B561-604EF02B149C}.Release|Any CPU.ActiveCfg = Release|Any CPU
		{DDADB72F-6FB4-42F3-B561-604EF02B149C}.Release|Any CPU.Build.0 = Release|Any CPU
		{D3AAD1DF-95EF-47CD-A052-1DA155841E80}.Debug|Any CPU.ActiveCfg = Debug|Any CPU
		{D3AAD1DF-95EF-47CD-A052-1DA155841E80}.Debug|Any CPU.Build.0 = Debug|Any CPU
		{D3AAD1DF-95EF-47CD-A052-1DA155841E80}.Release|Any CPU.ActiveCfg = Release|Any CPU
		{D3AAD1DF-95EF-47CD-A052-1DA155841E80}.Release|Any CPU.Build.0 = Release|Any CPU
	EndGlobalSection
	GlobalSection(SolutionProperties) = preSolution
		HideSolutionNode = FALSE
	EndGlobalSection
	GlobalSection(ExtensibilityGlobals) = postSolution
		SolutionGuid = {F72B0C4B-4B6D-4375-9221-85D38C493C25}
	EndGlobalSection
EndGlobal
